
Microsoft Visual Studio Solution File, Format Version 12.00
# Visual Studio 15
VisualStudioVersion = 15.0.28307.572
MinimumVisualStudioVersion = 10.0.40219.1
Project("{FAE04EC0-301F-11D3-BF4B-00C04F79EFBC}") = "Pleope.Android", "Pleope\Pleope.Android\Pleope.Android.csproj", "{C6818157-0062-4C3B-AD22-0F2B964CDA5E}"
EndProject
Project("{FAE04EC0-301F-11D3-BF4B-00C04F79EFBC}") = "Pleope", "Pleope\Pleope\Pleope.csproj", "{E0481D24-F192-4DFC-9C38-89EFCF9FF8E2}"
EndProject
Global
	GlobalSection(SolutionConfigurationPlatforms) = preSolution
		Debug|Any CPU = Debug|Any CPU
		Release|Any CPU = Release|Any CPU
	EndGlobalSection
	GlobalSection(ProjectConfigurationPlatforms) = postSolution
		{C6818157-0062-4C3B-AD22-0F2B964CDA5E}.Debug|Any CPU.ActiveCfg = Debug|Any CPU
		{C6818157-0062-4C3B-AD22-0F2B964CDA5E}.Debug|Any CPU.Build.0 = Debug|Any CPU
		{C6818157-0062-4C3B-AD22-0F2B964CDA5E}.Debug|Any CPU.Deploy.0 = Debug|Any CPU
		{C6818157-0062-4C3B-AD22-0F2B964CDA5E}.Release|Any CPU.ActiveCfg = Release|Any CPU
		{C6818157-0062-4C3B-AD22-0F2B964CDA5E}.Release|Any CPU.Build.0 = Release|Any CPU
		{C6818157-0062-4C3B-AD22-0F2B964CDA5E}.Release|Any CPU.Deploy.0 = Release|Any CPU
		{E0481D24-F192-4DFC-9C38-89EFCF9FF8E2}.Debug|Any CPU.ActiveCfg = Debug|Any CPU
		{E0481D24-F192-4DFC-9C38-89EFCF9FF8E2}.Debug|Any CPU.Build.0 = Debug|Any CPU
		{E0481D24-F192-4DFC-9C38-89EFCF9FF8E2}.Debug|Any CPU.Deploy.0 = Debug|Any CPU
		{E0481D24-F192-4DFC-9C38-89EFCF9FF8E2}.Release|Any CPU.ActiveCfg = Release|Any CPU
		{E0481D24-F192-4DFC-9C38-89EFCF9FF8E2}.Release|Any CPU.Build.0 = Release|Any CPU
		{E0481D24-F192-4DFC-9C38-89EFCF9FF8E2}.Release|Any CPU.Deploy.0 = Release|Any CPU
	EndGlobalSection
	GlobalSection(SolutionProperties) = preSolution
		HideSolutionNode = FALSE
	EndGlobalSection
	GlobalSection(ExtensibilityGlobals) = postSolution
		SolutionGuid = {12A465C6-30DA-4927-BADA-B2468EBD4D2A}
	EndGlobalSection
EndGlobal
